
Microsoft Visual Studio Solution File, Format Version 12.00
# Visual Studio 2013
VisualStudioVersion = 12.0.21005.1
MinimumVisualStudioVersion = 10.0.40219.1
Project("{FAE04EC0-301F-11D3-BF4B-00C04F79EFBC}") = "LibraryManageSys.Web", "LibraryManageSys\LibraryManageSys.Web.csproj", "{F7B0CF36-0950-4F15-98AE-0BBE489348E5}"
EndProject
Project("{FAE04EC0-301F-11D3-BF4B-00C04F79EFBC}") = "LMS.Common", "LMS.Common\LMS.Common.csproj", "{758BCB91-7AC0-409D-BB7C-8D4F3637091E}"
EndProject
Project("{FAE04EC0-301F-11D3-BF4B-00C04F79EFBC}") = "UnitTestLMS", "UnitTestLMS\UnitTestLMS.csproj", "{342D570E-49BC-4F3D-B6FA-F9D4DF9E618E}"
EndProject
Global
	GlobalSection(SolutionConfigurationPlatforms) = preSolution
		Debug|Any CPU = Debug|Any CPU
		Release|Any CPU = Release|Any CPU
	EndGlobalSection
	GlobalSection(ProjectConfigurationPlatforms) = postSolution
		{F7B0CF36-0950-4F15-98AE-0BBE489348E5}.Debug|Any CPU.ActiveCfg = Debug|Any CPU
		{F7B0CF36-0950-4F15-98AE-0BBE489348E5}.Debug|Any CPU.Build.0 = Debug|Any CPU
		{F7B0CF36-0950-4F15-98AE-0BBE489348E5}.Release|Any CPU.ActiveCfg = Release|Any CPU
		{F7B0CF36-0950-4F15-98AE-0BBE489348E5}.Release|Any CPU.Build.0 = Release|Any CPU
		{758BCB91-7AC0-409D-BB7C-8D4F3637091E}.Debug|Any CPU.ActiveCfg = Debug|Any CPU
		{758BCB91-7AC0-409D-BB7C-8D4F3637091E}.Debug|Any CPU.Build.0 = Debug|Any CPU
		{758BCB91-7AC0-409D-BB7C-8D4F3637091E}.Release|Any CPU.ActiveCfg = Release|Any CPU
		{758BCB91-7AC0-409D-BB7C-8D4F3637091E}.Release|Any CPU.Build.0 = Release|Any CPU
		{342D570E-49BC-4F3D-B6FA-F9D4DF9E618E}.Debug|Any CPU.ActiveCfg = Debug|Any CPU
		{342D570E-49BC-4F3D-B6FA-F9D4DF9E618E}.Debug|Any CPU.Build.0 = Debug|Any CPU
		{342D570E-49BC-4F3D-B6FA-F9D4DF9E618E}.Release|Any CPU.ActiveCfg = Release|Any CPU
		{342D570E-49BC-4F3D-B6FA-F9D4DF9E618E}.Release|Any CPU.Build.0 = Release|Any CPU
	EndGlobalSection
	GlobalSection(SolutionProperties) = preSolution
		HideSolutionNode = FALSE
	EndGlobalSection
EndGlobal
